
Microsoft Visual Studio Solution File, Format Version 12.00
# Visual Studio Version 17
VisualStudioVersion = 17.3.32825.248
MinimumVisualStudioVersion = 10.0.40219.1
Project("{FAE04EC0-301F-11D3-BF4B-00C04F79EFBC}") = "ApexMapBot", "ApexMapBot.API\ApexMapBot.csproj", "{4D1DF35D-4228-43FE-8C34-DB18A5922A3E}"
EndProject
Global
	GlobalSection(SolutionConfigurationPlatforms) = preSolution
		Debug|Any CPU = Debug|Any CPU
		Release|Any CPU = Release|Any CPU
	EndGlobalSection
	GlobalSection(ProjectConfigurationPlatforms) = postSolution
		{4D1DF35D-4228-43FE-8C34-DB18A5922A3E}.Debug|Any CPU.ActiveCfg = Debug|Any CPU
		{4D1DF35D-4228-43FE-8C34-DB18A5922A3E}.Debug|Any CPU.Build.0 = Debug|Any CPU
		{4D1DF35D-4228-43FE-8C34-DB18A5922A3E}.Release|Any CPU.ActiveCfg = Release|Any CPU
		{4D1DF35D-4228-43FE-8C34-DB18A5922A3E}.Release|Any CPU.Build.0 = Release|Any CPU
	EndGlobalSection
	GlobalSection(SolutionProperties) = preSolution
		HideSolutionNode = FALSE
	EndGlobalSection
	GlobalSection(ExtensibilityGlobals) = postSolution
		SolutionGuid = {126335C3-DFCF-44E0-A0A7-4101502FB62B}
	EndGlobalSection
EndGlobal
